
Microsoft Visual Studio Solution File, Format Version 12.00
# Visual Studio Version 17
VisualStudioVersion = 17.0.31903.59
MinimumVisualStudioVersion = 10.0.40219.1
Project("{2150E333-8FDC-42A3-9474-1A3956D46DE8}") = "src", "src", "{827E0CD3-B72D-47B6-A68D-7590B98EB39B}"
EndProject
Project("{FAE04EC0-301F-11D3-BF4B-00C04F79EFBC}") = "Wheelhouse.Core", "src\Wheelhouse.Core\Wheelhouse.Core.csproj", "{4A3F33C5-3086-4586-86D5-D77B16DEC952}"
EndProject
Project("{FAE04EC0-301F-11D3-BF4B-00C04F79EFBC}") = "Wheelhouse.Hosting.Abstractions", "src\Wheelhouse.Hosting.Abstractions\Wheelhouse.Hosting.Abstractions.csproj", "{AE3CF1B7-1449-48B2-93E4-2793FCC06BD5}"
EndProject
Project("{FAE04EC0-301F-11D3-BF4B-00C04F79EFBC}") = "Wheelhouse.Hosting.GitHub", "src\Wheelhouse.Hosting.GitHub\Wheelhouse.Hosting.GitHub.csproj", "{B1366E76-1311-4864-8504-76F79F399813}"
EndProject
Project("{FAE04EC0-301F-11D3-BF4B-00C04F79EFBC}") = "Wheelhouse.Hosting.AzureDevOps", "src\Wheelhouse.Hosting.AzureDevOps\Wheelhouse.Hosting.AzureDevOps.csproj", "{69F045B2-F9C1-4A51-AAA2-C1806CB09182}"
EndProject
Project("{FAE04EC0-301F-11D3-BF4B-00C04F79EFBC}") = "Wheelhouse.Terminal", "src\Wheelhouse.Terminal\Wheelhouse.Terminal.csproj", "{B4CB8A3B-7A10-4921-808D-9D06D8063B1F}"
EndProject
Project("{FAE04EC0-301F-11D3-BF4B-00C04F79EFBC}") = "Wheelhouse.UI", "src\Wheelhouse.UI\Wheelhouse.UI.csproj", "{69A1C644-A977-4807-8948-59E7D49B2D6A}"
EndProject
Project("{2150E333-8FDC-42A3-9474-1A3956D46DE8}") = "tests", "tests", "{0AB3BF05-4346-4AA6-1389-037BE0695223}"
EndProject
Project("{FAE04EC0-301F-11D3-BF4B-00C04F79EFBC}") = "Wheelhouse.Core.Tests", "tests\Wheelhouse.Core.Tests\Wheelhouse.Core.Tests.csproj", "{B838E79A-C79C-4890-AA8A-6334C6A4EDF7}"
EndProject
Project("{FAE04EC0-301F-11D3-BF4B-00C04F79EFBC}") = "Wheelhouse.Hosting.GitHub.Tests", "tests\Wheelhouse.Hosting.GitHub.Tests\Wheelhouse.Hosting.GitHub.Tests.csproj", "{2AD2C411-DACA-4621-9D11-D313808A2052}"
EndProject
Project("{FAE04EC0-301F-11D3-BF4B-00C04F79EFBC}") = "Wheelhouse.Hosting.AzureDevOps.Tests", "tests\Wheelhouse.Hosting.AzureDevOps.Tests\Wheelhouse.Hosting.AzureDevOps.Tests.csproj", "{D4B60AF3-8D19-4301-BFFD-61BA4CCC229B}"
EndProject
Project("{FAE04EC0-301F-11D3-BF4B-00C04F79EFBC}") = "Wheelhouse.Terminal.Tests", "tests\Wheelhouse.Terminal.Tests\Wheelhouse.Terminal.Tests.csproj", "{8508A832-A93E-42EB-BC4C-4E845C25907D}"
EndProject
Project("{FAE04EC0-301F-11D3-BF4B-00C04F79EFBC}") = "Wheelhouse.UI.Tests", "tests\Wheelhouse.UI.Tests\Wheelhouse.UI.Tests.csproj", "{EF216011-B006-421E-8AF1-F29CBC5508A8}"
EndProject
Global
	GlobalSection(SolutionConfigurationPlatforms) = preSolution
		Debug|Any CPU = Debug|Any CPU
		Debug|x64 = Debug|x64
		Debug|x86 = Debug|x86
		Release|Any CPU = Release|Any CPU
		Release|x64 = Release|x64
		Release|x86 = Release|x86
	EndGlobalSection
	GlobalSection(ProjectConfigurationPlatforms) = postSolution
		{4A3F33C5-3086-4586-86D5-D77B16DEC952}.Debug|Any CPU.ActiveCfg = Debug|Any CPU
		{4A3F33C5-3086-4586-86D5-D77B16DEC952}.Debug|Any CPU.Build.0 = Debug|Any CPU
		{4A3F33C5-3086-4586-86D5-D77B16DEC952}.Debug|x64.ActiveCfg = Debug|Any CPU
		{4A3F33C5-3086-4586-86D5-D77B16DEC952}.Debug|x64.Build.0 = Debug|Any CPU
		{4A3F33C5-3086-4586-86D5-D77B16DEC952}.Debug|x86.ActiveCfg = Debug|Any CPU
		{4A3F33C5-3086-4586-86D5-D77B16DEC952}.Debug|x86.Build.0 = Debug|Any CPU
		{4A3F33C5-3086-4586-86D5-D77B16DEC952}.Release|Any CPU.ActiveCfg = Release|Any CPU
		{4A3F33C5-3086-4586-86D5-D77B16DEC952}.Release|Any CPU.Build.0 = Release|Any CPU
		{4A3F33C5-3086-4586-86D5-D77B16DEC952}.Release|x64.ActiveCfg = Release|Any CPU
		{4A3F33C5-3086-4586-86D5-D77B16DEC952}.Release|x64.Build.0 = Release|Any CPU
		{4A3F33C5-3086-4586-86D5-D77B16DEC952}.Release|x86.ActiveCfg = Release|Any CPU
		{4A3F33C5-3086-4586-86D5-D77B16DEC952}.Release|x86.Build.0 = Release|Any CPU
		{AE3CF1B7-1449-48B2-93E4-2793FCC06BD5}.Debug|Any CPU.ActiveCfg = Debug|Any CPU
		{AE3CF1B7-1449-48B2-93E4-2793FCC06BD5}.Debug|Any CPU.Build.0 = Debug|Any CPU
		{AE3CF1B7-1449-48B2-93E4-2793FCC06BD5}.Debug|x64.ActiveCfg = Debug|Any CPU
		{AE3CF1B7-1449-48B2-93E4-2793FCC06BD5}.Debug|x64.Build.0 = Debug|Any CPU
		{AE3CF1B7-1449-48B2-93E4-2793FCC06BD5}.Debug|x86.ActiveCfg = Debug|Any CPU
		{AE3CF1B7-1449-48B2-93E4-2793FCC06BD5}.Debug|x86.Build.0 = Debug|Any CPU
		{AE3CF1B7-1449-48B2-93E4-2793FCC06BD5}.Release|Any CPU.ActiveCfg = Release|Any CPU
		{AE3CF1B7-1449-48B2-93E4-2793FCC06BD5}.Release|Any CPU.Build.0 = Release|Any CPU
		{AE3CF1B7-1449-48B2-93E4-2793FCC06BD5}.Release|x64.ActiveCfg = Release|Any CPU
		{AE3CF1B7-1449-48B2-93E4-2793FCC06BD5}.Release|x64.Build.0 = Release|Any CPU
		{AE3CF1B7-1449-48B2-93E4-2793FCC06BD5}.Release|x86.ActiveCfg = Release|Any CPU
		{AE3CF1B7-1449-48B2-93E4-2793FCC06BD5}.Release|x86.Build.0 = Release|Any CPU
		{B1366E76-1311-4864-8504-76F79F399813}.Debug|Any CPU.ActiveCfg = Debug|Any CPU
		{B1366E76-1311-4864-8504-76F79F399813}.Debug|Any CPU.Build.0 = Debug|Any CPU
		{B1366E76-1311-4864-8504-76F79F399813}.Debug|x64.ActiveCfg = Debug|Any CPU
		{B1366E76-1311-4864-8504-76F79F399813}.Debug|x64.Build.0 = Debug|Any CPU
		{B1366E76-1311-4864-8504-76F79F399813}.Debug|x86.ActiveCfg = Debug|Any CPU
		{B1366E76-1311-4864-8504-76F79F399813}.Debug|x86.Build.0 = Debug|Any CPU
		{B1366E76-1311-4864-8504-76F79F399813}.Release|Any CPU.ActiveCfg = Release|Any CPU
		{B1366E76-1311-4864-8504-76F79F399813}.Release|Any CPU.Build.0 = Release|Any CPU
		{B1366E76-1311-4864-8504-76F79F399813}.Release|x64.ActiveCfg = Release|Any CPU
		{B1366E76-1311-4864-8504-76F79F399813}.Release|x64.Build.0 = Release|Any CPU
		{B1366E76-1311-4864-8504-76F79F399813}.Release|x86.ActiveCfg = Release|Any CPU
		{B1366E76-1311-4864-8504-76F79F399813}.Release|x86.Build.0 = Release|Any CPU
		{69F045B2-F9C1-4A51-AAA2-C1806CB09182}.Debug|Any CPU.ActiveCfg = Debug|Any CPU
		{69F045B2-F9C1-4A51-AAA2-C1806CB09182}.Debug|Any CPU.Build.0 = Debug|Any CPU
		{69F045B2-F9C1-4A51-AAA2-C1806CB09182}.Debug|x64.ActiveCfg = Debug|Any CPU
		{69F045B2-F9C1-4A51-AAA2-C1806CB09182}.Debug|x64.Build.0 = Debug|Any CPU
		{69F045B2-F9C1-4A51-AAA2-C1806CB09182}.Debug|x86.ActiveCfg = Debug|Any CPU
		{69F045B2-F9C1-4A51-AAA2-C1806CB09182}.Debug|x86.Build.0 = Debug|Any CPU
		{69F045B2-F9C1-4A51-AAA2-C1806CB09182}.Release|Any CPU.ActiveCfg = Release|Any CPU
		{69F045B2-F9C1-4A51-AAA2-C1806CB09182}.Release|Any CPU.Build.0 = Release|Any CPU
		{69F045B2-F9C1-4A51-AAA2-C1806CB09182}.Release|x64.ActiveCfg = Release|Any CPU
		{69F045B2-F9C1-4A51-AAA2-C1806CB09182}.Release|x64.Build.0 = Release|Any CPU
		{69F045B2-F9C1-4A51-AAA2-C1806CB09182}.Release|x86.ActiveCfg = Release|Any CPU
		{69F045B2-F9C1-4A51-AAA2-C1806CB09182}.Release|x86.Build.0 = Release|Any CPU
		{B4CB8A3B-7A10-4921-808D-9D06D8063B1F}.Debug|Any CPU.ActiveCfg = Debug|Any CPU
		{B4CB8A3B-7A10-4921-808D-9D06D8063B1F}.Debug|Any CPU.Build.0 = Debug|Any CPU
		{B4CB8A3B-7A10-4921-808D-9D06D8063B1F}.Debug|x64.ActiveCfg = Debug|Any CPU
		{B4CB8A3B-7A10-4921-808D-9D06D8063B1F}.Debug|x64.Build.0 = Debug|Any CPU
		{B4CB8A3B-7A10-4921-808D-9D06D8063B1F}.Debug|x86.ActiveCfg = Debug|Any CPU
		{B4CB8A3B-7A10-4921-808D-9D06D8063B1F}.Debug|x86.Build.0 = Debug|Any CPU
		{B4CB8A3B-7A10-4921-808D-9D06D8063B1F}.Release|Any CPU.ActiveCfg = Release|Any CPU
		{B4CB8A3B-7A10-4921-808D-9D06D8063B1F}.Release|Any CPU.Build.0 = Release|Any CPU
		{B4CB8A3B-7A10-4921-808D-9D06D8063B1F}.Release|x64.ActiveCfg = Release|Any CPU
		{B4CB8A3B-7A10-4921-808D-9D06D8063B1F}.Release|x64.Build.0 = Release|Any CPU
		{B4CB8A3B-7A10-4921-808D-9D06D8063B1F}.Release|x86.ActiveCfg = Release|Any CPU
		{B4CB8A3B-7A10-4921-808D-9D06D8063B1F}.Release|x86.Build.0 = Release|Any CPU
		{69A1C644-A977-4807-8948-59E7D49B2D6A}.Debug|Any CPU.ActiveCfg = Debug|Any CPU
		{69A1C644-A977-4807-8948-59E7D49B2D6A}.Debug|Any CPU.Build.0 = Debug|Any CPU
		{69A1C644-A977-4807-8948-59E7D49B2D6A}.Debug|x64.ActiveCfg = Debug|Any CPU
		{69A1C644-A977-4807-8948-59E7D49B2D6A}.Debug|x64.Build.0 = Debug|Any CPU
		{69A1C644-A977-4807-8948-59E7D49B2D6A}.Debug|x86.ActiveCfg = Debug|Any CPU
		{69A1C644-A977-4807-8948-59E7D49B2D6A}.Debug|x86.Build.0 = Debug|Any CPU
		{69A1C644-A977-4807-8948-59E7D49B2D6A}.Release|Any CPU.ActiveCfg = Release|Any CPU
		{69A1C644-A977-4807-8948-59E7D49B2D6A}.Release|Any CPU.Build.0 = Release|Any CPU
		{69A1C644-A977-4807-8948-59E7D49B2D6A}.Release|x64.ActiveCfg = Release|Any CPU
		{69A1C644-A977-4807-8948-59E7D49B2D6A}.Release|x64.Build.0 = Release|Any CPU
		{69A1C644-A977-4807-8948-59E7D49B2D6A}.Release|x86.ActiveCfg = Release|Any CPU
		{69A1C644-A977-4807-8948-59E7D49B2D6A}.Release|x86.Build.0 = Release|Any CPU
		{B838E79A-C79C-4890-AA8A-6334C6A4EDF7}.Debug|Any CPU.ActiveCfg = Debug|Any CPU
		{B838E79A-C79C-4890-AA8A-6334C6A4EDF7}.Debug|Any CPU.Build.0 = Debug|Any CPU
		{B838E79A-C79C-4890-AA8A-6334C6A4EDF7}.Debug|x64.ActiveCfg = Debug|Any CPU
		{B838E79A-C79C-4890-AA8A-6334C6A4EDF7}.Debug|x64.Build.0 = Debug|Any CPU
		{B838E79A-C79C-4890-AA8A-6334C6A4EDF7}.Debug|x86.ActiveCfg = Debug|Any CPU
		{B838E79A-C79C-4890-AA8A-6334C6A4EDF7}.Debug|x86.Build.0 = Debug|Any CPU
		{B838E79A-C79C-4890-AA8A-6334C6A4EDF7}.Release|Any CPU.ActiveCfg = Release|Any CPU
		{B838E79A-C79C-4890-AA8A-6334C6A4EDF7}.Release|Any CPU.Build.0 = Release|Any CPU
		{B838E79A-C79C-4890-AA8A-6334C6A4EDF7}.Release|x64.ActiveCfg = Release|Any CPU
		{B838E79A-C79C-4890-AA8A-6334C6A4EDF7}.Release|x64.Build.0 = Release|Any CPU
		{B838E79A-C79C-4890-AA8A-6334C6A4EDF7}.Release|x86.ActiveCfg = Release|Any CPU
		{B838E79A-C79C-4890-AA8A-6334C6A4EDF7}.Release|x86.Build.0 = Release|Any CPU
		{2AD2C411-DACA-4621-9D11-D313808A2052}.Debug|Any CPU.ActiveCfg = Debug|Any CPU
		{2AD2C411-DACA-4621-9D11-D313808A2052}.Debug|Any CPU.Build.0 = Debug|Any CPU
		{2AD2C411-DACA-4621-9D11-D313808A2052}.Debug|x64.ActiveCfg = Debug|Any CPU
		{2AD2C411-DACA-4621-9D11-D313808A2052}.Debug|x64.Build.0 = Debug|Any CPU
		{2AD2C411-DACA-4621-9D11-D313808A2052}.Debug|x86.ActiveCfg = Debug|Any CPU
		{2AD2C411-DACA-4621-9D11-D313808A2052}.Debug|x86.Build.0 = Debug|Any CPU
		{2AD2C411-DACA-4621-9D11-D313808A2052}.Release|Any CPU.ActiveCfg = Release|Any CPU
		{2AD2C411-DACA-4621-9D11-D313808A2052}.Release|Any CPU.Build.0 = Release|Any CPU
		{2AD2C411-DACA-4621-9D11-D313808A2052}.Release|x64.ActiveCfg = Release|Any CPU
		{2AD2C411-DACA-4621-9D11-D313808A2052}.Release|x64.Build.0 = Release|Any CPU
		{2AD2C411-DACA-4621-9D11-D313808A2052}.Release|x86.ActiveCfg = Release|Any CPU
		{2AD2C411-DACA-4621-9D11-D313808A2052}.Release|x86.Build.0 = Release|Any CPU
		{D4B60AF3-8D19-4301-BFFD-61BA4CCC229B}.Debug|Any CPU.ActiveCfg = Debug|Any CPU
		{D4B60AF3-8D19-4301-BFFD-61BA4CCC229B}.Debug|Any CPU.Build.0 = Debug|Any CPU
		{D4B60AF3-8D19-4301-BFFD-61BA4CCC229B}.Debug|x64.ActiveCfg = Debug|Any CPU
		{D4B60AF3-8D19-4301-BFFD-61BA4CCC229B}.Debug|x64.Build.0 = Debug|Any CPU
		{D4B60AF3-8D19-4301-BFFD-61BA4CCC229B}.Debug|x86.ActiveCfg = Debug|Any CPU
		{D4B60AF3-8D19-4301-BFFD-61BA4CCC229B}.Debug|x86.Build.0 = Debug|Any CPU
		{D4B60AF3-8D19-4301-BFFD-61BA4CCC229B}.Release|Any CPU.ActiveCfg = Release|Any CPU
		{D4B60AF3-8D19-4301-BFFD-61BA4CCC229B}.Release|Any CPU.Build.0 = Release|Any CPU
		{D4B60AF3-8D19-4301-BFFD-61BA4CCC229B}.Release|x64.ActiveCfg = Release|Any CPU
		{D4B60AF3-8D19-4301-BFFD-61BA4CCC229B}.Release|x64.Build.0 = Release|Any CPU
		{D4B60AF3-8D19-4301-BFFD-61BA4CCC229B}.Release|x86.ActiveCfg = Release|Any CPU
		{D4B60AF3-8D19-4301-BFFD-61BA4CCC229B}.Release|x86.Build.0 = Release|Any CPU
		{8508A832-A93E-42EB-BC4C-4E845C25907D}.Debug|Any CPU.ActiveCfg = Debug|Any CPU
		{8508A832-A93E-42EB-BC4C-4E845C25907D}.Debug|Any CPU.Build.0 = Debug|Any CPU
		{8508A832-A93E-42EB-BC4C-4E845C25907D}.Debug|x64.ActiveCfg = Debug|Any CPU
		{8508A832-A93E-42EB-BC4C-4E845C25907D}.Debug|x64.Build.0 = Debug|Any CPU
		{8508A832-A93E-42EB-BC4C-4E845C25907D}.Debug|x86.ActiveCfg = Debug|Any CPU
		{8508A832-A93E-42EB-BC4C-4E845C25907D}.Debug|x86.Build.0 = Debug|Any CPU
		{8508A832-A93E-42EB-BC4C-4E845C25907D}.Release|Any CPU.ActiveCfg = Release|Any CPU
		{8508A832-A93E-42EB-BC4C-4E845C25907D}.Release|Any CPU.Build.0 = Release|Any CPU
		{8508A832-A93E-42EB-BC4C-4E845C25907D}.Release|x64.ActiveCfg = Release|Any CPU
		{8508A832-A93E-42EB-BC4C-4E845C25907D}.Release|x64.Build.0 = Release|Any CPU
		{8508A832-A93E-42EB-BC4C-4E845C25907D}.Release|x86.ActiveCfg = Release|Any CPU
		{8508A832-A93E-42EB-BC4C-4E845C25907D}.Release|x86.Build.0 = Release|Any CPU
		{EF216011-B006-421E-8AF1-F29CBC5508A8}.Debug|Any CPU.ActiveCfg = Debug|Any CPU
		{EF216011-B006-421E-8AF1-F29CBC5508A8}.Debug|Any CPU.Build.0 = Debug|Any CPU
		{EF216011-B006-421E-8AF1-F29CBC5508A8}.Debug|x64.ActiveCfg = Debug|Any CPU
		{EF216011-B006-421E-8AF1-F29CBC5508A8}.Debug|x64.Build.0 = Debug|Any CPU
		{EF216011-B006-421E-8AF1-F29CBC5508A8}.Debug|x86.ActiveCfg = Debug|Any CPU
		{EF216011-B006-421E-8AF1-F29CBC5508A8}.Debug|x86.Build.0 = Debug|Any CPU
		{EF216011-B006-421E-8AF1-F29CBC5508A8}.Release|Any CPU.ActiveCfg = Release|Any CPU
		{EF216011-B006-421E-8AF1-F29CBC5508A8}.Release|Any CPU.Build.0 = Release|Any CPU
		{EF216011-B006-421E-8AF1-F29CBC5508A8}.Release|x64.ActiveCfg = Release|Any CPU
		{EF216011-B006-421E-8AF1-F29CBC5508A8}.Release|x64.Build.0 = Release|Any CPU
		{EF216011-B006-421E-8AF1-F29CBC5508A8}.Release|x86.ActiveCfg = Release|Any CPU
		{EF216011-B006-421E-8AF1-F29CBC5508A8}.Release|x86.Build.0 = Release|Any CPU
	EndGlobalSection
	GlobalSection(SolutionProperties) = preSolution
		HideSolutionNode = FALSE
	EndGlobalSection
	GlobalSection(NestedProjects) = preSolution
		{4A3F33C5-3086-4586-86D5-D77B16DEC952} = {827E0CD3-B72D-47B6-A68D-7590B98EB39B}
		{AE3CF1B7-1449-48B2-93E4-2793FCC06BD5} = {827E0CD3-B72D-47B6-A68D-7590B98EB39B}
		{B1366E76-1311-4864-8504-76F79F399813} = {827E0CD3-B72D-47B6-A68D-7590B98EB39B}
		{69F045B2-F9C1-4A51-AAA2-C1806CB09182} = {827E0CD3-B72D-47B6-A68D-7590B98EB39B}
		{B4CB8A3B-7A10-4921-808D-9D06D8063B1F} = {827E0CD3-B72D-47B6-A68D-7590B98EB39B}
		{69A1C644-A977-4807-8948-59E7D49B2D6A} = {827E0CD3-B72D-47B6-A68D-7590B98EB39B}
		{B838E79A-C79C-4890-AA8A-6334C6A4EDF7} = {0AB3BF05-4346-4AA6-1389-037BE0695223}
		{2AD2C411-DACA-4621-9D11-D313808A2052} = {0AB3BF05-4346-4AA6-1389-037BE0695223}
		{D4B60AF3-8D19-4301-BFFD-61BA4CCC229B} = {0AB3BF05-4346-4AA6-1389-037BE0695223}
		{8508A832-A93E-42EB-BC4C-4E845C25907D} = {0AB3BF05-4346-4AA6-1389-037BE0695223}
		{EF216011-B006-421E-8AF1-F29CBC5508A8} = {0AB3BF05-4346-4AA6-1389-037BE0695223}
	EndGlobalSection
EndGlobal
